
Microsoft Visual Studio Solution File, Format Version 12.00
Project("{FAE04EC0-301F-11D3-BF4B-00C04F79EFBC}") = "sample-app", "sample-app\sample-app.csproj", "{975DA446-3189-4B80-91F7-06E7CC11CF5D}"
EndProject
Global
	GlobalSection(SolutionConfigurationPlatforms) = preSolution
		Debug|Any CPU = Debug|Any CPU
		Release|Any CPU = Release|Any CPU
	EndGlobalSection
	GlobalSection(ProjectConfigurationPlatforms) = postSolution
		{975DA446-3189-4B80-91F7-06E7CC11CF5D}.Debug|Any CPU.ActiveCfg = Debug|Any CPU
		{975DA446-3189-4B80-91F7-06E7CC11CF5D}.Debug|Any CPU.Build.0 = Debug|Any CPU
		{975DA446-3189-4B80-91F7-06E7CC11CF5D}.Release|Any CPU.ActiveCfg = Release|Any CPU
		{975DA446-3189-4B80-91F7-06E7CC11CF5D}.Release|Any CPU.Build.0 = Release|Any CPU
	EndGlobalSection
EndGlobal
